// !$*UTF8*$!
{
	archiveVersion = 1;
	classes = {
	};
	objectVersion = 48;
	objects = {

/* Begin PBXBuildFile section */
		9B7FC31DD9C0427D58BBCB58 /* Pods_nav_bar_color_transition.framework in Frameworks */ = {isa = PBXBuildFile; fileRef = C54A928F05A6BC1471EBC80A /* Pods_nav_bar_color_transition.framework */; };
		B019E6D51FC2A8F60036EF11 /* AppDelegate.swift in Sources */ = {isa = PBXBuildFile; fileRef = B019E6D41FC2A8F60036EF11 /* AppDelegate.swift */; };
		B019E6D71FC2A8F60036EF11 /* ViewController.swift in Sources */ = {isa = PBXBuildFile; fileRef = B019E6D61FC2A8F60036EF11 /* ViewController.swift */; };
		B019E6DC1FC2A8F60036EF11 /* Assets.xcassets in Resources */ = {isa = PBXBuildFile; fileRef = B019E6DB1FC2A8F60036EF11 /* Assets.xcassets */; };
		B019E6DF1FC2A8F60036EF11 /* LaunchScreen.storyboard in Resources */ = {isa = PBXBuildFile; fileRef = B019E6DD1FC2A8F60036EF11 /* LaunchScreen.storyboard */; };
		B019E6EA1FC2A8F60036EF11 /* nav_bar_color_transitionTests.swift in Sources */ = {isa = PBXBuildFile; fileRef = B019E6E91FC2A8F60036EF11 /* nav_bar_color_transitionTests.swift */; };
		B019E6F51FC2A8F60036EF11 /* nav_bar_color_transitionUITests.swift in Sources */ = {isa = PBXBuildFile; fileRef = B019E6F41FC2A8F60036EF11 /* nav_bar_color_transitionUITests.swift */; };
		B74832261B8222A0B3F8FED7 /* Pods_nav_bar_color_transitionTests.framework in Frameworks */ = {isa = PBXBuildFile; fileRef = A5E338A6F73F7538D790C1B8 /* Pods_nav_bar_color_transitionTests.framework */; };
		E523F202A737492DCA552CA0 /* Pods_nav_bar_color_transitionUITests.framework in Frameworks */ = {isa = PBXBuildFile; fileRef = 8E03690C071F3DF15DEF469E /* Pods_nav_bar_color_transitionUITests.framework */; };
/* End PBXBuildFile section */

/* Begin PBXContainerItemProxy section */
		B019E6E61FC2A8F60036EF11 /* PBXContainerItemProxy */ = {
			isa = PBXContainerItemProxy;
			containerPortal = B019E6C91FC2A8F60036EF11 /* Project object */;
			proxyType = 1;
			remoteGlobalIDString = B019E6D01FC2A8F60036EF11;
			remoteInfo = nav_bar_color_transition;
		};
		B019E6F11FC2A8F60036EF11 /* PBXContainerItemProxy */ = {
			isa = PBXContainerItemProxy;
			containerPortal = B019E6C91FC2A8F60036EF11 /* Project object */;
			proxyType = 1;
			remoteGlobalIDString = B019E6D01FC2A8F60036EF11;
			remoteInfo = nav_bar_color_transition;
		};
/* End PBXContainerItemProxy section */

/* Begin PBXFileReference section */
		00D35AB27045B22DEFD060A3 /* Pods-nav_bar_color_transitionTests.debug.xcconfig */ = {isa = PBXFileReference; includeInIndex = 1; lastKnownFileType = text.xcconfig; name = "Pods-nav_bar_color_transitionTests.debug.xcconfig"; path = "Pods/Target Support Files/Pods-nav_bar_color_transitionTests/Pods-nav_bar_color_transitionTests.debug.xcconfig"; sourceTree = "<group>"; };
		1FB9C00C9E49391E8D86EA5F /* Pods-nav_bar_color_transition.debug.xcconfig */ = {isa = PBXFileReference; includeInIndex = 1; lastKnownFileType = text.xcconfig; name = "Pods-nav_bar_color_transition.debug.xcconfig"; path = "Pods/Target Support Files/Pods-nav_bar_color_transition/Pods-nav_bar_color_transition.debug.xcconfig"; sourceTree = "<group>"; };
		5B53A71F1419CC3E0706D378 /* Pods-nav_bar_color_transition.release.xcconfig */ = {isa = PBXFileReference; includeInIndex = 1; lastKnownFileType = text.xcconfig; name = "Pods-nav_bar_color_transition.release.xcconfig"; path = "Pods/Target Support Files/Pods-nav_bar_color_transition/Pods-nav_bar_color_transition.release.xcconfig"; sourceTree = "<group>"; };
		88FD864313B684022CBA46CD /* Pods-nav_bar_color_transitionUITests.debug.xcconfig */ = {isa = PBXFileReference; includeInIndex = 1; lastKnownFileType = text.xcconfig; name = "Pods-nav_bar_color_transitionUITests.debug.xcconfig"; path = "Pods/Target Support Files/Pods-nav_bar_color_transitionUITests/Pods-nav_bar_color_transitionUITests.debug.xcconfig"; sourceTree = "<group>"; };
		8E03690C071F3DF15DEF469E /* Pods_nav_bar_color_transitionUITests.framework */ = {isa = PBXFileReference; explicitFileType = wrapper.framework; includeInIndex = 0; path = Pods_nav_bar_color_transitionUITests.framework; sourceTree = BUILT_PRODUCTS_DIR; };
		A5E338A6F73F7538D790C1B8 /* Pods_nav_bar_color_transitionTests.framework */ = {isa = PBXFileReference; explicitFileType = wrapper.framework; includeInIndex = 0; path = Pods_nav_bar_color_transitionTests.framework; sourceTree = BUILT_PRODUCTS_DIR; };
		A761E5B975936FF2B7582786 /* Pods-nav_bar_color_transitionUITests.release.xcconfig */ = {isa = PBXFileReference; includeInIndex = 1; lastKnownFileType = text.xcconfig; name = "Pods-nav_bar_color_transitionUITests.release.xcconfig"; path = "Pods/Target Support Files/Pods-nav_bar_color_transitionUITests/Pods-nav_bar_color_transitionUITests.release.xcconfig"; sourceTree = "<group>"; };
		A98BFD9A7E141F581D93AEA3 /* Pods-nav_bar_color_transitionTests.release.xcconfig */ = {isa = PBXFileReference; includeInIndex = 1; lastKnownFileType = text.xcconfig; name = "Pods-nav_bar_color_transitionTests.release.xcconfig"; path = "Pods/Target Support Files/Pods-nav_bar_color_transitionTests/Pods-nav_bar_color_transitionTests.release.xcconfig"; sourceTree = "<group>"; };
		B019E6D11FC2A8F60036EF11 /* nav_bar_color_transition.app */ = {isa = PBXFileReference; explicitFileType = wrapper.application; includeInIndex = 0; path = nav_bar_color_transition.app; sourceTree = BUILT_PRODUCTS_DIR; };
		B019E6D41FC2A8F60036EF11 /* AppDelegate.swift */ = {isa = PBXFileReference; lastKnownFileType = sourcecode.swift; path = AppDelegate.swift; sourceTree = "<group>"; };
		B019E6D61FC2A8F60036EF11 /* ViewController.swift */ = {isa = PBXFileReference; lastKnownFileType = sourcecode.swift; path = ViewController.swift; sourceTree = "<group>"; };
		B019E6DB1FC2A8F60036EF11 /* Assets.xcassets */ = {isa = PBXFileReference; lastKnownFileType = folder.assetcatalog; path = Assets.xcassets; sourceTree = "<group>"; };
		B019E6DE1FC2A8F60036EF11 /* Base */ = {isa = PBXFileReference; lastKnownFileType = file.storyboard; name = Base; path = Base.lproj/LaunchScreen.storyboard; sourceTree = "<group>"; };
		B019E6E01FC2A8F60036EF11 /* Info.plist */ = {isa = PBXFileReference; lastKnownFileType = text.plist.xml; path = Info.plist; sourceTree = "<group>"; };
		B019E6E51FC2A8F60036EF11 /* nav_bar_color_transitionTests.xctest */ = {isa = PBXFileReference; explicitFileType = wrapper.cfbundle; includeInIndex = 0; path = nav_bar_color_transitionTests.xctest; sourceTree = BUILT_PRODUCTS_DIR; };
		B019E6E91FC2A8F60036EF11 /* nav_bar_color_transitionTests.swift */ = {isa = PBXFileReference; lastKnownFileType = sourcecode.swift; path = nav_bar_color_transitionTests.swift; sourceTree = "<group>"; };
		B019E6EB1FC2A8F60036EF11 /* Info.plist */ = {isa = PBXFileReference; lastKnownFileType = text.plist.xml; path = Info.plist; sourceTree = "<group>"; };
		B019E6F01FC2A8F60036EF11 /* nav_bar_color_transitionUITests.xctest */ = {isa = PBXFileReference; explicitFileType = wrapper.cfbundle; includeInIndex = 0; path = nav_bar_color_transitionUITests.xctest; sourceTree = BUILT_PRODUCTS_DIR; };
		B019E6F41FC2A8F60036EF11 /* nav_bar_color_transitionUITests.swift */ = {isa = PBXFileReference; lastKnownFileType = sourcecode.swift; path = nav_bar_color_transitionUITests.swift; sourceTree = "<group>"; };
		B019E6F61FC2A8F60036EF11 /* Info.plist */ = {isa = PBXFileReference; lastKnownFileType = text.plist.xml; path = Info.plist; sourceTree = "<group>"; };
		C54A928F05A6BC1471EBC80A /* Pods_nav_bar_color_transition.framework */ = {isa = PBXFileReference; explicitFileType = wrapper.framework; includeInIndex = 0; path = Pods_nav_bar_color_transition.framework; sourceTree = BUILT_PRODUCTS_DIR; };
/* End PBXFileReference section */

/* Begin PBXFrameworksBuildPhase section */
		B019E6CE1FC2A8F60036EF11 /* Frameworks */ = {
			isa = PBXFrameworksBuildPhase;
			buildActionMask = 2147483647;
			files = (
				9B7FC31DD9C0427D58BBCB58 /* Pods_nav_bar_color_transition.framework in Frameworks */,
			);
			runOnlyForDeploymentPostprocessing = 0;
		};
		B019E6E21FC2A8F60036EF11 /* Frameworks */ = {
			isa = PBXFrameworksBuildPhase;
			buildActionMask = 2147483647;
			files = (
				B74832261B8222A0B3F8FED7 /* Pods_nav_bar_color_transitionTests.framework in Frameworks */,
			);
			runOnlyForDeploymentPostprocessing = 0;
		};
		B019E6ED1FC2A8F60036EF11 /* Frameworks */ = {
			isa = PBXFrameworksBuildPhase;
			buildActionMask = 2147483647;
			files = (
				E523F202A737492DCA552CA0 /* Pods_nav_bar_color_transitionUITests.framework in Frameworks */,
			);
			runOnlyForDeploymentPostprocessing = 0;
		};
/* End PBXFrameworksBuildPhase section */

/* Begin PBXGroup section */
		26DC08E5C73C8D88EF25DD56 /* Frameworks */ = {
			isa = PBXGroup;
			children = (
				C54A928F05A6BC1471EBC80A /* Pods_nav_bar_color_transition.framework */,
				A5E338A6F73F7538D790C1B8 /* Pods_nav_bar_color_transitionTests.framework */,
				8E03690C071F3DF15DEF469E /* Pods_nav_bar_color_transitionUITests.framework */,
			);
			name = Frameworks;
			sourceTree = "<group>";
		};
		87CBFC531BBCCB8F9A29C93B /* Pods */ = {
			isa = PBXGroup;
			children = (
				1FB9C00C9E49391E8D86EA5F /* Pods-nav_bar_color_transition.debug.xcconfig */,
				5B53A71F1419CC3E0706D378 /* Pods-nav_bar_color_transition.release.xcconfig */,
				00D35AB27045B22DEFD060A3 /* Pods-nav_bar_color_transitionTests.debug.xcconfig */,
				A98BFD9A7E141F581D93AEA3 /* Pods-nav_bar_color_transitionTests.release.xcconfig */,
				88FD864313B684022CBA46CD /* Pods-nav_bar_color_transitionUITests.debug.xcconfig */,
				A761E5B975936FF2B7582786 /* Pods-nav_bar_color_transitionUITests.release.xcconfig */,
			);
			name = Pods;
			sourceTree = "<group>";
		};
		B019E6C81FC2A8F60036EF11 = {
			isa = PBXGroup;
			children = (
				B019E6D31FC2A8F60036EF11 /* nav_bar_color_transition */,
				B019E6E81FC2A8F60036EF11 /* nav_bar_color_transitionTests */,
				B019E6F31FC2A8F60036EF11 /* nav_bar_color_transitionUITests */,
				B019E6D21FC2A8F60036EF11 /* Products */,
				87CBFC531BBCCB8F9A29C93B /* Pods */,
				26DC08E5C73C8D88EF25DD56 /* Frameworks */,
			);
			sourceTree = "<group>";
		};
		B019E6D21FC2A8F60036EF11 /* Products */ = {
			isa = PBXGroup;
			children = (
				B019E6D11FC2A8F60036EF11 /* nav_bar_color_transition.app */,
				B019E6E51FC2A8F60036EF11 /* nav_bar_color_transitionTests.xctest */,
				B019E6F01FC2A8F60036EF11 /* nav_bar_color_transitionUITests.xctest */,
			);
			name = Products;
			sourceTree = "<group>";
		};
		B019E6D31FC2A8F60036EF11 /* nav_bar_color_transition */ = {
			isa = PBXGroup;
			children = (
				B019E6D41FC2A8F60036EF11 /* AppDelegate.swift */,
				B019E6D61FC2A8F60036EF11 /* ViewController.swift */,
				B019E6DB1FC2A8F60036EF11 /* Assets.xcassets */,
				B019E6DD1FC2A8F60036EF11 /* LaunchScreen.storyboard */,
				B019E6E01FC2A8F60036EF11 /* Info.plist */,
			);
			path = nav_bar_color_transition;
			sourceTree = "<group>";
		};
		B019E6E81FC2A8F60036EF11 /* nav_bar_color_transitionTests */ = {
			isa = PBXGroup;
			children = (
				B019E6E91FC2A8F60036EF11 /* nav_bar_color_transitionTests.swift */,
				B019E6EB1FC2A8F60036EF11 /* Info.plist */,
			);
			path = nav_bar_color_transitionTests;
			sourceTree = "<group>";
		};
		B019E6F31FC2A8F60036EF11 /* nav_bar_color_transitionUITests */ = {
			isa = PBXGroup;
			children = (
				B019E6F41FC2A8F60036EF11 /* nav_bar_color_transitionUITests.swift */,
				B019E6F61FC2A8F60036EF11 /* Info.plist */,
			);
			path = nav_bar_color_transitionUITests;
			sourceTree = "<group>";
		};
/* End PBXGroup section */

/* Begin PBXNativeTarget section */
		B019E6D01FC2A8F60036EF11 /* nav_bar_color_transition */ = {
			isa = PBXNativeTarget;
			buildConfigurationList = B019E6F91FC2A8F60036EF11 /* Build configuration list for PBXNativeTarget "nav_bar_color_transition" */;
			buildPhases = (
				656E4A02C944EA58F61F35BF /* [CP] Check Pods Manifest.lock */,
				B019E6CD1FC2A8F60036EF11 /* Sources */,
				B019E6CE1FC2A8F60036EF11 /* Frameworks */,
				B019E6CF1FC2A8F60036EF11 /* Resources */,
				C0E63D5BEBD44801EF9AA11A /* [CP] Embed Pods Frameworks */,
				943A6DECC720E133051100E1 /* [CP] Copy Pods Resources */,
			);
			buildRules = (
			);
			dependencies = (
			);
			name = nav_bar_color_transition;
			productName = nav_bar_color_transition;
			productReference = B019E6D11FC2A8F60036EF11 /* nav_bar_color_transition.app */;
			productType = "com.apple.product-type.application";
		};
		B019E6E41FC2A8F60036EF11 /* nav_bar_color_transitionTests */ = {
			isa = PBXNativeTarget;
			buildConfigurationList = B019E6FC1FC2A8F60036EF11 /* Build configuration list for PBXNativeTarget "nav_bar_color_transitionTests" */;
			buildPhases = (
				BD328343F7A183656ABE8401 /* [CP] Check Pods Manifest.lock */,
				B019E6E11FC2A8F60036EF11 /* Sources */,
				B019E6E21FC2A8F60036EF11 /* Frameworks */,
				B019E6E31FC2A8F60036EF11 /* Resources */,
				7C7EF7E3404B164D5D3FBED7 /* [CP] Embed Pods Frameworks */,
				AC00E57A074BB16EA4F05CA8 /* [CP] Copy Pods Resources */,
			);
			buildRules = (
			);
			dependencies = (
				B019E6E71FC2A8F60036EF11 /* PBXTargetDependency */,
			);
			name = nav_bar_color_transitionTests;
			productName = nav_bar_color_transitionTests;
			productReference = B019E6E51FC2A8F60036EF11 /* nav_bar_color_transitionTests.xctest */;
			productType = "com.apple.product-type.bundle.unit-test";
		};
		B019E6EF1FC2A8F60036EF11 /* nav_bar_color_transitionUITests */ = {
			isa = PBXNativeTarget;
			buildConfigurationList = B019E6FF1FC2A8F60036EF11 /* Build configuration list for PBXNativeTarget "nav_bar_color_transitionUITests" */;
			buildPhases = (
				8D5D9B6820B80B299B7AFA0C /* [CP] Check Pods Manifest.lock */,
				B019E6EC1FC2A8F60036EF11 /* Sources */,
				B019E6ED1FC2A8F60036EF11 /* Frameworks */,
				B019E6EE1FC2A8F60036EF11 /* Resources */,
				243FF3B3CC3CF2AFE0FEC667 /* [CP] Embed Pods Frameworks */,
				899B87F76BA577EEDFE34D99 /* [CP] Copy Pods Resources */,
			);
			buildRules = (
			);
			dependencies = (
				B019E6F21FC2A8F60036EF11 /* PBXTargetDependency */,
			);
			name = nav_bar_color_transitionUITests;
			productName = nav_bar_color_transitionUITests;
			productReference = B019E6F01FC2A8F60036EF11 /* nav_bar_color_transitionUITests.xctest */;
			productType = "com.apple.product-type.bundle.ui-testing";
		};
/* End PBXNativeTarget section */

/* Begin PBXProject section */
		B019E6C91FC2A8F60036EF11 /* Project object */ = {
			isa = PBXProject;
			attributes = {
				LastSwiftUpdateCheck = 0910;
				LastUpgradeCheck = 0910;
				ORGANIZATIONNAME = "Alexander Murphy";
				TargetAttributes = {
					B019E6D01FC2A8F60036EF11 = {
						CreatedOnToolsVersion = 9.1;
						ProvisioningStyle = Automatic;
					};
					B019E6E41FC2A8F60036EF11 = {
						CreatedOnToolsVersion = 9.1;
						ProvisioningStyle = Automatic;
						TestTargetID = B019E6D01FC2A8F60036EF11;
					};
					B019E6EF1FC2A8F60036EF11 = {
						CreatedOnToolsVersion = 9.1;
						ProvisioningStyle = Automatic;
						TestTargetID = B019E6D01FC2A8F60036EF11;
					};
				};
			};
			buildConfigurationList = B019E6CC1FC2A8F60036EF11 /* Build configuration list for PBXProject "nav_bar_color_transition" */;
			compatibilityVersion = "Xcode 8.0";
			developmentRegion = en;
			hasScannedForEncodings = 0;
			knownRegions = (
				en,
				Base,
			);
			mainGroup = B019E6C81FC2A8F60036EF11;
			productRefGroup = B019E6D21FC2A8F60036EF11 /* Products */;
			projectDirPath = "";
			projectRoot = "";
			targets = (
				B019E6D01FC2A8F60036EF11 /* nav_bar_color_transition */,
				B019E6E41FC2A8F60036EF11 /* nav_bar_color_transitionTests */,
				B019E6EF1FC2A8F60036EF11 /* nav_bar_color_transitionUITests */,
			);
		};
/* End PBXProject section */

/* Begin PBXResourcesBuildPhase section */
		B019E6CF1FC2A8F60036EF11 /* Resources */ = {
			isa = PBXResourcesBuildPhase;
			buildActionMask = 2147483647;
			files = (
				B019E6DF1FC2A8F60036EF11 /* LaunchScreen.storyboard in Resources */,
				B019E6DC1FC2A8F60036EF11 /* Assets.xcassets in Resources */,
			);
			runOnlyForDeploymentPostprocessing = 0;
		};
		B019E6E31FC2A8F60036EF11 /* Resources */ = {
			isa = PBXResourcesBuildPhase;
			buildActionMask = 2147483647;
			files = (
			);
			runOnlyForDeploymentPostprocessing = 0;
		};
		B019E6EE1FC2A8F60036EF11 /* Resources */ = {
			isa = PBXResourcesBuildPhase;
			buildActionMask = 2147483647;
			files = (
			);
			runOnlyForDeploymentPostprocessing = 0;
		};
/* End PBXResourcesBuildPhase section */

/* Begin PBXShellScriptBuildPhase section */
		243FF3B3CC3CF2AFE0FEC667 /* [CP] Embed Pods Frameworks */ = {
			isa = PBXShellScriptBuildPhase;
			buildActionMask = 2147483647;
			files = (
			);
			inputPaths = (
			);
			name = "[CP] Embed Pods Frameworks";
			outputPaths = (
			);
			runOnlyForDeploymentPostprocessing = 0;
			shellPath = /bin/sh;
			shellScript = "\"${SRCROOT}/Pods/Target Support Files/Pods-nav_bar_color_transitionUITests/Pods-nav_bar_color_transitionUITests-frameworks.sh\"\n";
			showEnvVarsInLog = 0;
		};
		656E4A02C944EA58F61F35BF /* [CP] Check Pods Manifest.lock */ = {
			isa = PBXShellScriptBuildPhase;
			buildActionMask = 2147483647;
			files = (
			);
			inputPaths = (
				"${PODS_PODFILE_DIR_PATH}/Podfile.lock",
				"${PODS_ROOT}/Manifest.lock",
			);
			name = "[CP] Check Pods Manifest.lock";
			outputPaths = (
				"$(DERIVED_FILE_DIR)/Pods-nav_bar_color_transition-checkManifestLockResult.txt",
			);
			runOnlyForDeploymentPostprocessing = 0;
			shellPath = /bin/sh;
			shellScript = "diff \"${PODS_PODFILE_DIR_PATH}/Podfile.lock\" \"${PODS_ROOT}/Manifest.lock\" > /dev/null\nif [ $? != 0 ] ; then\n    # print error to STDERR\n    echo \"error: The sandbox is not in sync with the Podfile.lock. Run 'pod install' or update your CocoaPods installation.\" >&2\n    exit 1\nfi\n# This output is used by Xcode 'outputs' to avoid re-running this script phase.\necho \"SUCCESS\" > \"${SCRIPT_OUTPUT_FILE_0}\"\n";
			showEnvVarsInLog = 0;
		};
		7C7EF7E3404B164D5D3FBED7 /* [CP] Embed Pods Frameworks */ = {
			isa = PBXShellScriptBuildPhase;
			buildActionMask = 2147483647;
			files = (
			);
			inputPaths = (
				"${SRCROOT}/Pods/Target Support Files/Pods-nav_bar_color_transitionTests/Pods-nav_bar_color_transitionTests-frameworks.sh",
				"${BUILT_PRODUCTS_DIR}/KMNavigationBarTransition/KMNavigationBarTransition.framework",
			);
			name = "[CP] Embed Pods Frameworks";
			outputPaths = (
				"${TARGET_BUILD_DIR}/${FRAMEWORKS_FOLDER_PATH}/KMNavigationBarTransition.framework",
			);
			runOnlyForDeploymentPostprocessing = 0;
			shellPath = /bin/sh;
			shellScript = "\"${SRCROOT}/Pods/Target Support Files/Pods-nav_bar_color_transitionTests/Pods-nav_bar_color_transitionTests-frameworks.sh\"\n";
			showEnvVarsInLog = 0;
		};
		899B87F76BA577EEDFE34D99 /* [CP] Copy Pods Resources */ = {
			isa = PBXShellScriptBuildPhase;
			buildActionMask = 2147483647;
			files = (
			);
			inputPaths = (
			);
			name = "[CP] Copy Pods Resources";
			outputPaths = (
			);
			runOnlyForDeploymentPostprocessing = 0;
			shellPath = /bin/sh;
			shellScript = "\"${SRCROOT}/Pods/Target Support Files/Pods-nav_bar_color_transitionUITests/Pods-nav_bar_color_transitionUITests-resources.sh\"\n";
			showEnvVarsInLog = 0;
		};
		8D5D9B6820B80B299B7AFA0C /* [CP] Check Pods Manifest.lock */ = {
			isa = PBXShellScriptBuildPhase;
			buildActionMask = 2147483647;
			files = (
			);
			inputPaths = (
				"${PODS_PODFILE_DIR_PATH}/Podfile.lock",
				"${PODS_ROOT}/Manifest.lock",
			);
			name = "[CP] Check Pods Manifest.lock";
			outputPaths = (
				"$(DERIVED_FILE_DIR)/Pods-nav_bar_color_transitionUITests-checkManifestLockResult.txt",
			);
			runOnlyForDeploymentPostprocessing = 0;
			shellPath = /bin/sh;
			shellScript = "diff \"${PODS_PODFILE_DIR_PATH}/Podfile.lock\" \"${PODS_ROOT}/Manifest.lock\" > /dev/null\nif [ $? != 0 ] ; then\n    # print error to STDERR\n    echo \"error: The sandbox is not in sync with the Podfile.lock. Run 'pod install' or update your CocoaPods installation.\" >&2\n    exit 1\nfi\n# This output is used by Xcode 'outputs' to avoid re-running this script phase.\necho \"SUCCESS\" > \"${SCRIPT_OUTPUT_FILE_0}\"\n";
			showEnvVarsInLog = 0;
		};
		943A6DECC720E133051100E1 /* [CP] Copy Pods Resources */ = {
			isa = PBXShellScriptBuildPhase;
			buildActionMask = 2147483647;
			files = (
			);
			inputPaths = (
			);
			name = "[CP] Copy Pods Resources";
			outputPaths = (
			);
			runOnlyForDeploymentPostprocessing = 0;
			shellPath = /bin/sh;
			shellScript = "\"${SRCROOT}/Pods/Target Support Files/Pods-nav_bar_color_transition/Pods-nav_bar_color_transition-resources.sh\"\n";
			showEnvVarsInLog = 0;
		};
		AC00E57A074BB16EA4F05CA8 /* [CP] Copy Pods Resources */ = {
			isa = PBXShellScriptBuildPhase;
			buildActionMask = 2147483647;
			files = (
			);
			inputPaths = (
			);
			name = "[CP] Copy Pods Resources";
			outputPaths = (
			);
			runOnlyForDeploymentPostprocessing = 0;
			shellPath = /bin/sh;
			shellScript = "\"${SRCROOT}/Pods/Target Support Files/Pods-nav_bar_color_transitionTests/Pods-nav_bar_color_transitionTests-resources.sh\"\n";
			showEnvVarsInLog = 0;
		};
		BD328343F7A183656ABE8401 /* [CP] Check Pods Manifest.lock */ = {
			isa = PBXShellScriptBuildPhase;
			buildActionMask = 2147483647;
			files = (
			);
			inputPaths = (
				"${PODS_PODFILE_DIR_PATH}/Podfile.lock",
				"${PODS_ROOT}/Manifest.lock",
			);
			name = "[CP] Check Pods Manifest.lock";
			outputPaths = (
				"$(DERIVED_FILE_DIR)/Pods-nav_bar_color_transitionTests-checkManifestLockResult.txt",
			);
			runOnlyForDeploymentPostprocessing = 0;
			shellPath = /bin/sh;
			shellScript = "diff \"${PODS_PODFILE_DIR_PATH}/Podfile.lock\" \"${PODS_ROOT}/Manifest.lock\" > /dev/null\nif [ $? != 0 ] ; then\n    # print error to STDERR\n    echo \"error: The sandbox is not in sync with the Podfile.lock. Run 'pod install' or update your CocoaPods installation.\" >&2\n    exit 1\nfi\n# This output is used by Xcode 'outputs' to avoid re-running this script phase.\necho \"SUCCESS\" > \"${SCRIPT_OUTPUT_FILE_0}\"\n";
			showEnvVarsInLog = 0;
		};
		C0E63D5BEBD44801EF9AA11A /* [CP] Embed Pods Frameworks */ = {
			isa = PBXShellScriptBuildPhase;
			buildActionMask = 2147483647;
			files = (
			);
			inputPaths = (
			);
			name = "[CP] Embed Pods Frameworks";
			outputPaths = (
			);
			runOnlyForDeploymentPostprocessing = 0;
			shellPath = /bin/sh;
			shellScript = "\"${SRCROOT}/Pods/Target Support Files/Pods-nav_bar_color_transition/Pods-nav_bar_color_transition-frameworks.sh\"\n";
			showEnvVarsInLog = 0;
		};
/* End PBXShellScriptBuildPhase section */

/* Begin PBXSourcesBuildPhase section */
		B019E6CD1FC2A8F60036EF11 /* Sources */ = {
			isa = PBXSourcesBuildPhase;
			buildActionMask = 2147483647;
			files = (
				B019E6D71FC2A8F60036EF11 /* ViewController.swift in Sources */,
				B019E6D51FC2A8F60036EF11 /* AppDelegate.swift in Sources */,
			);
			runOnlyForDeploymentPostprocessing = 0;
		};
		B019E6E11FC2A8F60036EF11 /* Sources */ = {
			isa = PBXSourcesBuildPhase;
			buildActionMask = 2147483647;
			files = (
				B019E6EA1FC2A8F60036EF11 /* nav_bar_color_transitionTests.swift in Sources */,
			);
			runOnlyForDeploymentPostprocessing = 0;
		};
		B019E6EC1FC2A8F60036EF11 /* Sources */ = {
			isa = PBXSourcesBuildPhase;
			buildActionMask = 2147483647;
			files = (
				B019E6F51FC2A8F60036EF11 /* nav_bar_color_transitionUITests.swift in Sources */,
			);
			runOnlyForDeploymentPostprocessing = 0;
		};
/* End PBXSourcesBuildPhase section */

/* Begin PBXTargetDependency section */
		B019E6E71FC2A8F60036EF11 /* PBXTargetDependency */ = {
			isa = PBXTargetDependency;
			target = B019E6D01FC2A8F60036EF11 /* nav_bar_color_transition */;
			targetProxy = B019E6E61FC2A8F60036EF11 /* PBXContainerItemProxy */;
		};
		B019E6F21FC2A8F60036EF11 /* PBXTargetDependency */ = {
			isa = PBXTargetDependency;
			target = B019E6D01FC2A8F60036EF11 /* nav_bar_color_transition */;
			targetProxy = B019E6F11FC2A8F60036EF11 /* PBXContainerItemProxy */;
		};
/* End PBXTargetDependency section */

/* Begin PBXVariantGroup section */
		B019E6DD1FC2A8F60036EF11 /* LaunchScreen.storyboard */ = {
			isa = PBXVariantGroup;
			children = (
				B019E6DE1FC2A8F60036EF11 /* Base */,
			);
			name = LaunchScreen.storyboard;
			sourceTree = "<group>";
		};
/* End PBXVariantGroup section */

/* Begin XCBuildConfiguration section */
		B019E6F71FC2A8F60036EF11 /* Debug */ = {
			isa = XCBuildConfiguration;
			buildSettings = {
				ALWAYS_SEARCH_USER_PATHS = NO;
				CLANG_ANALYZER_NONNULL = YES;
				CLANG_ANALYZER_NUMBER_OBJECT_CONVERSION = YES_AGGRESSIVE;
				CLANG_CXX_LANGUAGE_STANDARD = "gnu++14";
				CLANG_CXX_LIBRARY = "libc++";
				CLANG_ENABLE_MODULES = YES;
				CLANG_ENABLE_OBJC_ARC = YES;
				CLANG_WARN_BLOCK_CAPTURE_AUTORELEASING = YES;
				CLANG_WARN_BOOL_CONVERSION = YES;
				CLANG_WARN_COMMA = YES;
				CLANG_WARN_CONSTANT_CONVERSION = YES;
				CLANG_WARN_DIRECT_OBJC_ISA_USAGE = YES_ERROR;
				CLANG_WARN_DOCUMENTATION_COMMENTS = YES;
				CLANG_WARN_EMPTY_BODY = YES;
				CLANG_WARN_ENUM_CONVERSION = YES;
				CLANG_WARN_INFINITE_RECURSION = YES;
				CLANG_WARN_INT_CONVERSION = YES;
				CLANG_WARN_NON_LITERAL_NULL_CONVERSION = YES;
				CLANG_WARN_OBJC_LITERAL_CONVERSION = YES;
				CLANG_WARN_OBJC_ROOT_CLASS = YES_ERROR;
				CLANG_WARN_RANGE_LOOP_ANALYSIS = YES;
				CLANG_WARN_STRICT_PROTOTYPES = YES;
				CLANG_WARN_SUSPICIOUS_MOVE = YES;
				CLANG_WARN_UNGUARDED_AVAILABILITY = YES_AGGRESSIVE;
				CLANG_WARN_UNREACHABLE_CODE = YES;
				CLANG_WARN__DUPLICATE_METHOD_MATCH = YES;
				CODE_SIGN_IDENTITY = "iPhone Developer";
				COPY_PHASE_STRIP = NO;
				DEBUG_INFORMATION_FORMAT = dwarf;
				ENABLE_STRICT_OBJC_MSGSEND = YES;
				ENABLE_TESTABILITY = YES;
				GCC_C_LANGUAGE_STANDARD = gnu11;
				GCC_DYNAMIC_NO_PIC = NO;
				GCC_NO_COMMON_BLOCKS = YES;
				GCC_OPTIMIZATION_LEVEL = 0;
				GCC_PREPROCESSOR_DEFINITIONS = (
					"DEBUG=1",
					"$(inherited)",
				);
				GCC_WARN_64_TO_32_BIT_CONVERSION = YES;
				GCC_WARN_ABOUT_RETURN_TYPE = YES_ERROR;
				GCC_WARN_UNDECLARED_SELECTOR = YES;
				GCC_WARN_UNINITIALIZED_AUTOS = YES_AGGRESSIVE;
				GCC_WARN_UNUSED_FUNCTION = YES;
				GCC_WARN_UNUSED_VARIABLE = YES;
				IPHONEOS_DEPLOYMENT_TARGET = 11.1;
				MTL_ENABLE_DEBUG_INFO = YES;
				ONLY_ACTIVE_ARCH = YES;
				SDKROOT = iphoneos;
				SWIFT_ACTIVE_COMPILATION_CONDITIONS = DEBUG;
				SWIFT_OPTIMIZATION_LEVEL = "-Onone";
			};
			name = Debug;
		};
		B019E6F81FC2A8F60036EF11 /* Release */ = {
			isa = XCBuildConfiguration;
			buildSettings = {
				ALWAYS_SEARCH_USER_PATHS = NO;
				CLANG_ANALYZER_NONNULL = YES;
				CLANG_ANALYZER_NUMBER_OBJECT_CONVERSION = YES_AGGRESSIVE;
				CLANG_CXX_LANGUAGE_STANDARD = "gnu++14";
				CLANG_CXX_LIBRARY = "libc++";
				CLANG_ENABLE_MODULES = YES;
				CLANG_ENABLE_OBJC_ARC = YES;
				CLANG_WARN_BLOCK_CAPTURE_AUTORELEASING = YES;
				CLANG_WARN_BOOL_CONVERSION = YES;
				CLANG_WARN_COMMA = YES;
				CLANG_WARN_CONSTANT_CONVERSION = YES;
				CLANG_WARN_DIRECT_OBJC_ISA_USAGE = YES_ERROR;
				CLANG_WARN_DOCUMENTATION_COMMENTS = YES;
				CLANG_WARN_EMPTY_BODY = YES;
				CLANG_WARN_ENUM_CONVERSION = YES;
				CLANG_WARN_INFINITE_RECURSION = YES;
				CLANG_WARN_INT_CONVERSION = YES;
				CLANG_WARN_NON_LITERAL_NULL_CONVERSION = YES;
				CLANG_WARN_OBJC_LITERAL_CONVERSION = YES;
				CLANG_WARN_OBJC_ROOT_CLASS = YES_ERROR;
				CLANG_WARN_RANGE_LOOP_ANALYSIS = YES;
				CLANG_WARN_STRICT_PROTOTYPES = YES;
				CLANG_WARN_SUSPICIOUS_MOVE = YES;
				CLANG_WARN_UNGUARDED_AVAILABILITY = YES_AGGRESSIVE;
				CLANG_WARN_UNREACHABLE_CODE = YES;
				CLANG_WARN__DUPLICATE_METHOD_MATCH = YES;
				CODE_SIGN_IDENTITY = "iPhone Developer";
				COPY_PHASE_STRIP = NO;
				DEBUG_INFORMATION_FORMAT = "dwarf-with-dsym";
				ENABLE_NS_ASSERTIONS = NO;
				ENABLE_STRICT_OBJC_MSGSEND = YES;
				GCC_C_LANGUAGE_STANDARD = gnu11;
				GCC_NO_COMMON_BLOCKS = YES;
				GCC_WARN_64_TO_32_BIT_CONVERSION = YES;
				GCC_WARN_ABOUT_RETURN_TYPE = YES_ERROR;
				GCC_WARN_UNDECLARED_SELECTOR = YES;
				GCC_WARN_UNINITIALIZED_AUTOS = YES_AGGRESSIVE;
				GCC_WARN_UNUSED_FUNCTION = YES;
				GCC_WARN_UNUSED_VARIABLE = YES;
				IPHONEOS_DEPLOYMENT_TARGET = 11.1;
				MTL_ENABLE_DEBUG_INFO = NO;
				SDKROOT = iphoneos;
				SWIFT_OPTIMIZATION_LEVEL = "-Owholemodule";
				VALIDATE_PRODUCT = YES;
			};
			name = Release;
		};
		B019E6FA1FC2A8F60036EF11 /* Debug */ = {
			isa = XCBuildConfiguration;
			baseConfigurationReference = 1FB9C00C9E49391E8D86EA5F /* Pods-nav_bar_color_transition.debug.xcconfig */;
			buildSettings = {
				ASSETCATALOG_COMPILER_APPICON_NAME = AppIcon;
				CODE_SIGN_STYLE = Automatic;
				DEVELOPMENT_TEAM = 9L49SS68XP;
				INFOPLIST_FILE = nav_bar_color_transition/Info.plist;
				LD_RUNPATH_SEARCH_PATHS = "$(inherited) @executable_path/Frameworks";
				PRODUCT_BUNDLE_IDENTIFIER = "com.thexande.nav-bar-color-transition";
				PRODUCT_NAME = "$(TARGET_NAME)";
				SWIFT_VERSION = 4.0;
				TARGETED_DEVICE_FAMILY = "1,2";
			};
			name = Debug;
		};
		B019E6FB1FC2A8F60036EF11 /* Release */ = {
			isa = XCBuildConfiguration;
			baseConfigurationReference = 5B53A71F1419CC3E0706D378 /* Pods-nav_bar_color_transition.release.xcconfig */;
			buildSettings = {
				ASSETCATALOG_COMPILER_APPICON_NAME = AppIcon;
				CODE_SIGN_STYLE = Automatic;
				DEVELOPMENT_TEAM = 9L49SS68XP;
				INFOPLIST_FILE = nav_bar_color_transition/Info.plist;
				LD_RUNPATH_SEARCH_PATHS = "$(inherited) @executable_path/Frameworks";
				PRODUCT_BUNDLE_IDENTIFIER = "com.thexande.nav-bar-color-transition";
				PRODUCT_NAME = "$(TARGET_NAME)";
				SWIFT_VERSION = 4.0;
				TARGETED_DEVICE_FAMILY = "1,2";
			};
			name = Release;
		};
		B019E6FD1FC2A8F60036EF11 /* Debug */ = {
			isa = XCBuildConfiguration;
			baseConfigurationReference = 00D35AB27045B22DEFD060A3 /* Pods-nav_bar_color_transitionTests.debug.xcconfig */;
			buildSettings = {
				ALWAYS_EMBED_SWIFT_STANDARD_LIBRARIES = YES;
				BUNDLE_LOADER = "$(TEST_HOST)";
				CODE_SIGN_STYLE = Automatic;
				INFOPLIST_FILE = nav_bar_color_transitionTests/Info.plist;
				LD_RUNPATH_SEARCH_PATHS = "$(inherited) @executable_path/Frameworks @loader_path/Frameworks";
				PRODUCT_BUNDLE_IDENTIFIER = "com.thexande.nav-bar-color-transitionTests";
				PRODUCT_NAME = "$(TARGET_NAME)";
				SWIFT_VERSION = 4.0;
				TARGETED_DEVICE_FAMILY = "1,2";
				TEST_HOST = "$(BUILT_PRODUCTS_DIR)/nav_bar_color_transition.app/nav_bar_color_transition";
			};
			name = Debug;
		};
		B019E6FE1FC2A8F60036EF11 /* Release */ = {
			isa = XCBuildConfiguration;
			baseConfigurationReference = A98BFD9A7E141F581D93AEA3 /* Pods-nav_bar_color_transitionTests.release.xcconfig */;
			buildSettings = {
				ALWAYS_EMBED_SWIFT_STANDARD_LIBRARIES = YES;
				BUNDLE_LOADER = "$(TEST_HOST)";
				CODE_SIGN_STYLE = Automatic;
				INFOPLIST_FILE = nav_bar_color_transitionTests/Info.plist;
				LD_RUNPATH_SEARCH_PATHS = "$(inherited) @executable_path/Frameworks @loader_path/Frameworks";
				PRODUCT_BUNDLE_IDENTIFIER = "com.thexande.nav-bar-color-transitionTests";
				PRODUCT_NAME = "$(TARGET_NAME)";
				SWIFT_VERSION = 4.0;
				TARGETED_DEVICE_FAMILY = "1,2";
				TEST_HOST = "$(BUILT_PRODUCTS_DIR)/nav_bar_color_transition.app/nav_bar_color_transition";
			};
			name = Release;
		};
		B019E7001FC2A8F60036EF11 /* Debug */ = {
			isa = XCBuildConfiguration;
			baseConfigurationReference = 88FD864313B684022CBA46CD /* Pods-nav_bar_color_transitionUITests.debug.xcconfig */;
			buildSettings = {
				ALWAYS_EMBED_SWIFT_STANDARD_LIBRARIES = YES;
				CODE_SIGN_STYLE = Automatic;
				INFOPLIST_FILE = nav_bar_color_transitionUITests/Info.plist;
				LD_RUNPATH_SEARCH_PATHS = "$(inherited) @executable_path/Frameworks @loader_path/Frameworks";
				PRODUCT_BUNDLE_IDENTIFIER = "com.thexande.nav-bar-color-transitionUITests";
				PRODUCT_NAME = "$(TARGET_NAME)";
				SWIFT_VERSION = 4.0;
				TARGETED_DEVICE_FAMILY = "1,2";
				TEST_TARGET_NAME = nav_bar_color_transition;
			};
			name = Debug;
		};
		B019E7011FC2A8F60036EF11 /* Release */ = {
			isa = XCBuildConfiguration;
			baseConfigurationReference = A761E5B975936FF2B7582786 /* Pods-nav_bar_color_transitionUITests.release.xcconfig */;
			buildSettings = {
				ALWAYS_EMBED_SWIFT_STANDARD_LIBRARIES = YES;
				CODE_SIGN_STYLE = Automatic;
				INFOPLIST_FILE = nav_bar_color_transitionUITests/Info.plist;
				LD_RUNPATH_SEARCH_PATHS = "$(inherited) @executable_path/Frameworks @loader_path/Frameworks";
				PRODUCT_BUNDLE_IDENTIFIER = "com.thexande.nav-bar-color-transitionUITests";
				PRODUCT_NAME = "$(TARGET_NAME)";
				SWIFT_VERSION = 4.0;
				TARGETED_DEVICE_FAMILY = "1,2";
				TEST_TARGET_NAME = nav_bar_color_transition;
			};
			name = Release;
		};
/* End XCBuildConfiguration section */

/* Begin XCConfigurationList section */
		B019E6CC1FC2A8F60036EF11 /* Build configuration list for PBXProject "nav_bar_color_transition" */ = {
			isa = XCConfigurationList;
			buildConfigurations = (
				B019E6F71FC2A8F60036EF11 /* Debug */,
				B019E6F81FC2A8F60036EF11 /* Release */,
			);
			defaultConfigurationIsVisible = 0;
			defaultConfigurationName = Release;
		};
		B019E6F91FC2A8F60036EF11 /* Build configuration list for PBXNativeTarget "nav_bar_color_transition" */ = {
			isa = XCConfigurationList;
			buildConfigurations = (
				B019E6FA1FC2A8F60036EF11 /* Debug */,
				B019E6FB1FC2A8F60036EF11 /* Release */,
			);
			defaultConfigurationIsVisible = 0;
			defaultConfigurationName = Release;
		};
		B019E6FC1FC2A8F60036EF11 /* Build configuration list for PBXNativeTarget "nav_bar_color_transitionTests" */ = {
			isa = XCConfigurationList;
			buildConfigurations = (
				B019E6FD1FC2A8F60036EF11 /* Debug */,
				B019E6FE1FC2A8F60036EF11 /* Release */,
			);
			defaultConfigurationIsVisible = 0;
			defaultConfigurationName = Release;
		};
		B019E6FF1FC2A8F60036EF11 /* Build configuration list for PBXNativeTarget "nav_bar_color_transitionUITests" */ = {
			isa = XCConfigurationList;
			buildConfigurations = (
				B019E7001FC2A8F60036EF11 /* Debug */,
				B019E7011FC2A8F60036EF11 /* Release */,
			);
			defaultConfigurationIsVisible = 0;
			defaultConfigurationName = Release;
		};
/* End XCConfigurationList section */
	};
	rootObject = B019E6C91FC2A8F60036EF11 /* Project object */;
}
